dependencies:
- name: common
  repository: oci://registry-1.docker.io/bitnamicharts
  version: 2.10.0
- name: postgresql
  repository: oci://registry-1.docker.io/bitnamicharts
  version: 12.10.0
digest: sha256:77630aa988cef5e3a9f64a9fc3427345f451534e973dbece805850be587cb59e
generated: "2024-05-11T14:39:32.274594+01:00"
